Microsoft Visual Studio Solution File, Format Version 12.00
# Visual Studio 2012
Project("{FAE04EC0-301F-11D3-BF4B-00C04F79EFBC}") = "MoonsTotalWar", "MoonsTotalWar.csproj", "{F5A462E5-5FD8-4B14-8E8A-DE61DB12FBF5}"
EndProject
Global
	GlobalSection(SolutionConfigurationPlatforms) = preSolution
	Debug|Any CPU = Debug|Any CPU
	ExportDebug|Any CPU = ExportDebug|Any CPU
	ExportRelease|Any CPU = ExportRelease|Any CPU
	EndGlobalSection
	GlobalSection(ProjectConfigurationPlatforms) = postSolution
		{F5A462E5-5FD8-4B14-8E8A-DE61DB12FBF5}.Debug|Any CPU.ActiveCfg = Debug|Any CPU
		{F5A462E5-5FD8-4B14-8E8A-DE61DB12FBF5}.Debug|Any CPU.Build.0 = Debug|Any CPU
		{F5A462E5-5FD8-4B14-8E8A-DE61DB12FBF5}.ExportDebug|Any CPU.ActiveCfg = ExportDebug|Any CPU
		{F5A462E5-5FD8-4B14-8E8A-DE61DB12FBF5}.ExportDebug|Any CPU.Build.0 = ExportDebug|Any CPU
		{F5A462E5-5FD8-4B14-8E8A-DE61DB12FBF5}.ExportRelease|Any CPU.ActiveCfg = ExportRelease|Any CPU
		{F5A462E5-5FD8-4B14-8E8A-DE61DB12FBF5}.ExportRelease|Any CPU.Build.0 = ExportRelease|Any CPU
	EndGlobalSection
EndGlobal
